
Microsoft Visual Studio Solution File, Format Version 12.00
# Visual Studio Version 17
VisualStudioVersion = 17.14.36414.22
MinimumVisualStudioVersion = 10.0.40219.1
Project("{FAE04EC0-301F-11D3-BF4B-00C04F79EFBC}") = "DocuReqCMS", "DocuReqCMS\DocuReqCMS.csproj", "{0A86FC74-2715-401B-8A41-A124175155A3}"
EndProject
Project("{FAE04EC0-301F-11D3-BF4B-00C04F79EFBC}") = "KIOSK", "KIOSK\KIOSK.csproj", "{06F8DB04-C52A-4907-9678-49FCE44F6EAA}"
EndProject
Project("{FAE04EC0-301F-11D3-BF4B-00C04F79EFBC}") = "Queue_monitoring", "Queue_monitoring-20260323T020817Z-3-001\Queue_monitoring\Queue_monitoring\Queue_monitoring.csproj", "{3005A041-1847-4453-889D-46C7FA8ED5EF}"
EndProject
Project("{FAE04EC0-301F-11D3-BF4B-00C04F79EFBC}") = "DocuFlow-Reg", "DocuFlow-Reg.csproj", "{9680B3C3-D5A0-4EFB-A452-B0C2FC54677A}"
EndProject
Global
	GlobalSection(SolutionConfigurationPlatforms) = preSolution
		Debug|Any CPU = Debug|Any CPU
		Release|Any CPU = Release|Any CPU
	EndGlobalSection
	GlobalSection(ProjectConfigurationPlatforms) = postSolution
		{0A86FC74-2715-401B-8A41-A124175155A3}.Debug|Any CPU.ActiveCfg = Debug|Any CPU
		{0A86FC74-2715-401B-8A41-A124175155A3}.Debug|Any CPU.Build.0 = Debug|Any CPU
		{0A86FC74-2715-401B-8A41-A124175155A3}.Release|Any CPU.ActiveCfg = Release|Any CPU
		{0A86FC74-2715-401B-8A41-A124175155A3}.Release|Any CPU.Build.0 = Release|Any CPU
		{06F8DB04-C52A-4907-9678-49FCE44F6EAA}.Debug|Any CPU.ActiveCfg = Debug|Any CPU
		{06F8DB04-C52A-4907-9678-49FCE44F6EAA}.Debug|Any CPU.Build.0 = Debug|Any CPU
		{06F8DB04-C52A-4907-9678-49FCE44F6EAA}.Release|Any CPU.ActiveCfg = Release|Any CPU
		{06F8DB04-C52A-4907-9678-49FCE44F6EAA}.Release|Any CPU.Build.0 = Release|Any CPU
		{3005A041-1847-4453-889D-46C7FA8ED5EF}.Debug|Any CPU.ActiveCfg = Debug|Any CPU
		{3005A041-1847-4453-889D-46C7FA8ED5EF}.Debug|Any CPU.Build.0 = Debug|Any CPU
		{3005A041-1847-4453-889D-46C7FA8ED5EF}.Release|Any CPU.ActiveCfg = Release|Any CPU
		{3005A041-1847-4453-889D-46C7FA8ED5EF}.Release|Any CPU.Build.0 = Release|Any CPU
		{9680B3C3-D5A0-4EFB-A452-B0C2FC54677A}.Debug|Any CPU.ActiveCfg = Debug|Any CPU
		{9680B3C3-D5A0-4EFB-A452-B0C2FC54677A}.Debug|Any CPU.Build.0 = Debug|Any CPU
		{9680B3C3-D5A0-4EFB-A452-B0C2FC54677A}.Release|Any CPU.ActiveCfg = Release|Any CPU
		{9680B3C3-D5A0-4EFB-A452-B0C2FC54677A}.Release|Any CPU.Build.0 = Release|Any CPU
	EndGlobalSection
	GlobalSection(SolutionProperties) = preSolution
		HideSolutionNode = FALSE
	EndGlobalSection
	GlobalSection(ExtensibilityGlobals) = postSolution
		SolutionGuid = {D8F593A1-C6AC-46F3-982B-99BD89E4BF66}
	EndGlobalSection
EndGlobal
